
Microsoft Visual Studio Solution File, Format Version 12.00
# Visual Studio Version 17
VisualStudioVersion = 17.3.32804.467
MinimumVisualStudioVersion = 10.0.40219.1
Project("{9A19103F-16F7-4668-BE54-9A1E7A4F7556}") = "CleanArchitecture.Infraestructure", "CleanArchitecture.Data\CleanArchitecture.Infraestructure.csproj", "{1FC9509D-C6E4-4450-920F-3F13E695B3EB}"
EndProject
Project("{9A19103F-16F7-4668-BE54-9A1E7A4F7556}") = "CleanArchitecture.Domain", "CleanArchitecture.Domain\CleanArchitecture.Domain.csproj", "{61A51C8C-B06D-43B3-AEA9-B5FA3E594C28}"
EndProject
Project("{9A19103F-16F7-4668-BE54-9A1E7A4F7556}") = "CleanArchitecture.ConsoleApp", "CleanArchitecture.ConsoleApp\CleanArchitecture.ConsoleApp.csproj", "{56D65B76-73D7-4D1B-84C3-0EB460C7900A}"
EndProject
Project("{2150E333-8FDC-42A3-9474-1A3956D46DE8}") = "src", "src", "{5267B5E0-36A8-480E-A4BF-3553C04A38AE}"
EndProject
Project("{2150E333-8FDC-42A3-9474-1A3956D46DE8}") = "doc", "doc", "{7EA9BCB4-0EA9-4AA5-8FC0-CB159C33919D}"
EndProject
Project("{2150E333-8FDC-42A3-9474-1A3956D46DE8}") = "test", "test", "{3BDEEDC7-A997-45E0-8603-511E4A29DBD8}"
EndProject
Project("{2150E333-8FDC-42A3-9474-1A3956D46DE8}") = "API", "API", "{D20556D7-C543-4761-95B6-BB319B3CC59C}"
EndProject
Project("{2150E333-8FDC-42A3-9474-1A3956D46DE8}") = "Core", "Core", "{8829C6CE-0B53-45D0-81D5-E0230FFC1A4C}"
EndProject
Project("{2150E333-8FDC-42A3-9474-1A3956D46DE8}") = "Infraestrcuture", "Infraestrcuture", "{5885ABD6-938B-4852-8150-FF086093B39E}"
EndProject
Project("{FAE04EC0-301F-11D3-BF4B-00C04F79EFBC}") = "CleanArchitecture.API", "CleanArchitecture.API\CleanArchitecture.API.csproj", "{AD85B88B-1432-44D5-9C9C-E26088C616DD}"
EndProject
Project("{FAE04EC0-301F-11D3-BF4B-00C04F79EFBC}") = "CleanArchitecture.Application", "CleanArchitecture.Application\CleanArchitecture.Application.csproj", "{9ED00883-4221-40BA-B4CD-9B4913F9F3A4}"
EndProject
Project("{2150E333-8FDC-42A3-9474-1A3956D46DE8}") = "linq_testing", "linq_testing", "{393F3975-D581-4268-9033-63406476A956}"
EndProject
Global
	GlobalSection(SolutionConfigurationPlatforms) = preSolution
		Debug|Any CPU = Debug|Any CPU
		Release|Any CPU = Release|Any CPU
	EndGlobalSection
	GlobalSection(ProjectConfigurationPlatforms) = postSolution
		{1FC9509D-C6E4-4450-920F-3F13E695B3EB}.Debug|Any CPU.ActiveCfg = Debug|Any CPU
		{1FC9509D-C6E4-4450-920F-3F13E695B3EB}.Debug|Any CPU.Build.0 = Debug|Any CPU
		{1FC9509D-C6E4-4450-920F-3F13E695B3EB}.Release|Any CPU.ActiveCfg = Release|Any CPU
		{1FC9509D-C6E4-4450-920F-3F13E695B3EB}.Release|Any CPU.Build.0 = Release|Any CPU
		{61A51C8C-B06D-43B3-AEA9-B5FA3E594C28}.Debug|Any CPU.ActiveCfg = Debug|Any CPU
		{61A51C8C-B06D-43B3-AEA9-B5FA3E594C28}.Debug|Any CPU.Build.0 = Debug|Any CPU
		{61A51C8C-B06D-43B3-AEA9-B5FA3E594C28}.Release|Any CPU.ActiveCfg = Release|Any CPU
		{61A51C8C-B06D-43B3-AEA9-B5FA3E594C28}.Release|Any CPU.Build.0 = Release|Any CPU
		{56D65B76-73D7-4D1B-84C3-0EB460C7900A}.Debug|Any CPU.ActiveCfg = Debug|Any CPU
		{56D65B76-73D7-4D1B-84C3-0EB460C7900A}.Debug|Any CPU.Build.0 = Debug|Any CPU
		{56D65B76-73D7-4D1B-84C3-0EB460C7900A}.Release|Any CPU.ActiveCfg = Release|Any CPU
		{56D65B76-73D7-4D1B-84C3-0EB460C7900A}.Release|Any CPU.Build.0 = Release|Any CPU
		{AD85B88B-1432-44D5-9C9C-E26088C616DD}.Debug|Any CPU.ActiveCfg = Debug|Any CPU
		{AD85B88B-1432-44D5-9C9C-E26088C616DD}.Debug|Any CPU.Build.0 = Debug|Any CPU
		{AD85B88B-1432-44D5-9C9C-E26088C616DD}.Release|Any CPU.ActiveCfg = Release|Any CPU
		{AD85B88B-1432-44D5-9C9C-E26088C616DD}.Release|Any CPU.Build.0 = Release|Any CPU
		{9ED00883-4221-40BA-B4CD-9B4913F9F3A4}.Debug|Any CPU.ActiveCfg = Debug|Any CPU
		{9ED00883-4221-40BA-B4CD-9B4913F9F3A4}.Debug|Any CPU.Build.0 = Debug|Any CPU
		{9ED00883-4221-40BA-B4CD-9B4913F9F3A4}.Release|Any CPU.ActiveCfg = Release|Any CPU
		{9ED00883-4221-40BA-B4CD-9B4913F9F3A4}.Release|Any CPU.Build.0 = Release|Any CPU
	EndGlobalSection
	GlobalSection(SolutionProperties) = preSolution
		HideSolutionNode = FALSE
	EndGlobalSection
	GlobalSection(NestedProjects) = preSolution
		{1FC9509D-C6E4-4450-920F-3F13E695B3EB} = {5885ABD6-938B-4852-8150-FF086093B39E}
		{61A51C8C-B06D-43B3-AEA9-B5FA3E594C28} = {8829C6CE-0B53-45D0-81D5-E0230FFC1A4C}
		{56D65B76-73D7-4D1B-84C3-0EB460C7900A} = {393F3975-D581-4268-9033-63406476A956}
		{D20556D7-C543-4761-95B6-BB319B3CC59C} = {5267B5E0-36A8-480E-A4BF-3553C04A38AE}
		{8829C6CE-0B53-45D0-81D5-E0230FFC1A4C} = {5267B5E0-36A8-480E-A4BF-3553C04A38AE}
		{5885ABD6-938B-4852-8150-FF086093B39E} = {5267B5E0-36A8-480E-A4BF-3553C04A38AE}
		{AD85B88B-1432-44D5-9C9C-E26088C616DD} = {D20556D7-C543-4761-95B6-BB319B3CC59C}
		{9ED00883-4221-40BA-B4CD-9B4913F9F3A4} = {8829C6CE-0B53-45D0-81D5-E0230FFC1A4C}
		{393F3975-D581-4268-9033-63406476A956} = {3BDEEDC7-A997-45E0-8603-511E4A29DBD8}
	EndGlobalSection
	GlobalSection(ExtensibilityGlobals) = postSolution
		SolutionGuid = {BF6272AF-39C0-43EC-9E49-4A71D8C3F6E9}
	EndGlobalSection
EndGlobal
